// !$*UTF8*$!
{
	archiveVersion = 1;
	classes = {
	};
	objectVersion = 56;
	objects = {

/* Begin PBXBuildFile section */
		FF19A6A52BCA287C00472B28 /* AppStoreMockApp.swift in Sources */ = {isa = PBXBuildFile; fileRef = FF19A6A42BCA287C00472B28 /* AppStoreMockApp.swift */; };
		FF19A6A72BCA287C00472B28 /* SearchView.swift in Sources */ = {isa = PBXBuildFile; fileRef = FF19A6A62BCA287C00472B28 /* SearchView.swift */; };
		FF19A6A92BCA287F00472B28 /* Assets.xcassets in Resources */ = {isa = PBXBuildFile; fileRef = FF19A6A82BCA287F00472B28 /* Assets.xcassets */; };
		FF19A6AC2BCA287F00472B28 /* Preview Assets.xcassets in Resources */ = {isa = PBXBuildFile; fileRef = FF19A6AB2BCA287F00472B28 /* Preview Assets.xcassets */; };
		FF86063C2BFAC4BD006045D3 /* AppDetailResult.swift in Sources */ = {isa = PBXBuildFile; fileRef = FF86063B2BFAC4BD006045D3 /* AppDetailResult.swift */; };
		FF86063E2BFAC4FB006045D3 /* APIService.swift in Sources */ = {isa = PBXBuildFile; fileRef = FF86063D2BFAC4FB006045D3 /* APIService.swift */; };
		FF8606402BFAC915006045D3 /* ReviewsViewModel.swift in Sources */ = {isa = PBXBuildFile; fileRef = FF86063F2BFAC915006045D3 /* ReviewsViewModel.swift */; };
		FF8606422BFC1B6F006045D3 /* AppDetailViewModel.swift in Sources */ = {isa = PBXBuildFile; fileRef = FF8606412BFC1B6F006045D3 /* AppDetailViewModel.swift */; };
		FF8606442BFC1B94006045D3 /* SampleView.swift in Sources */ = {isa = PBXBuildFile; fileRef = FF8606432BFC1B94006045D3 /* SampleView.swift */; };
		FF8949D12BF5B3A500EDD265 /* FullScreenScreenshotsView.swift in Sources */ = {isa = PBXBuildFile; fileRef = FF8949D02BF5B3A500EDD265 /* FullScreenScreenshotsView.swift */; };
		FF8949D32BF69B9600EDD265 /* ReviewResults.swift in Sources */ = {isa = PBXBuildFile; fileRef = FF8949D22BF69B9600EDD265 /* ReviewResults.swift */; };
		FF8949D62BF69C6300EDD265 /* ReviewsView.swift in Sources */ = {isa = PBXBuildFile; fileRef = FF8949D52BF69C6300EDD265 /* ReviewsView.swift */; };
		FFD31E512BD8B09100D7CDB1 /* SearchResult.swift in Sources */ = {isa = PBXBuildFile; fileRef = FFD31E502BD8B09100D7CDB1 /* SearchResult.swift */; };
		FFD31E542BD8B0CA00D7CDB1 /* SearchViewModel.swift in Sources */ = {isa = PBXBuildFile; fileRef = FFD31E532BD8B0CA00D7CDB1 /* SearchViewModel.swift */; };
		FFEF034A2BE9BB3400380DEA /* AppDetailView.swift in Sources */ = {isa = PBXBuildFile; fileRef = FFEF03492BE9BB3400380DEA /* AppDetailView.swift */; };
/* End PBXBuildFile section */

/* Begin PBXFileReference section */
		FF19A6A12BCA287C00472B28 /* AppStoreMock.app */ = {isa = PBXFileReference; explicitFileType = wrapper.application; includeInIndex = 0; path = AppStoreMock.app; sourceTree = BUILT_PRODUCTS_DIR; };
		FF19A6A42BCA287C00472B28 /* AppStoreMockApp.swift */ = {isa = PBXFileReference; lastKnownFileType = sourcecode.swift; path = AppStoreMockApp.swift; sourceTree = "<group>"; };
		FF19A6A62BCA287C00472B28 /* SearchView.swift */ = {isa = PBXFileReference; lastKnownFileType = sourcecode.swift; path = SearchView.swift; sourceTree = "<group>"; };
		FF19A6A82BCA287F00472B28 /* Assets.xcassets */ = {isa = PBXFileReference; lastKnownFileType = folder.assetcatalog; path = Assets.xcassets; sourceTree = "<group>"; };
		FF19A6AB2BCA287F00472B28 /* Preview Assets.xcassets */ = {isa = PBXFileReference; lastKnownFileType = folder.assetcatalog; path = "Preview Assets.xcassets"; sourceTree = "<group>"; };
		FF86063B2BFAC4BD006045D3 /* AppDetailResult.swift */ = {isa = PBXFileReference; lastKnownFileType = sourcecode.swift; path = AppDetailResult.swift; sourceTree = "<group>"; };
		FF86063D2BFAC4FB006045D3 /* APIService.swift */ = {isa = PBXFileReference; lastKnownFileType = sourcecode.swift; path = APIService.swift; sourceTree = "<group>"; };
		FF86063F2BFAC915006045D3 /* ReviewsViewModel.swift */ = {isa = PBXFileReference; lastKnownFileType = sourcecode.swift; path = ReviewsViewModel.swift; sourceTree = "<group>"; };
		FF8606412BFC1B6F006045D3 /* AppDetailViewModel.swift */ = {isa = PBXFileReference; lastKnownFileType = sourcecode.swift; path = AppDetailViewModel.swift; sourceTree = "<group>"; };
		FF8606432BFC1B94006045D3 /* SampleView.swift */ = {isa = PBXFileReference; lastKnownFileType = sourcecode.swift; path = SampleView.swift; sourceTree = "<group>"; };
		FF8949D02BF5B3A500EDD265 /* FullScreenScreenshotsView.swift */ = {isa = PBXFileReference; lastKnownFileType = sourcecode.swift; path = FullScreenScreenshotsView.swift; sourceTree = "<group>"; };
		FF8949D22BF69B9600EDD265 /* ReviewResults.swift */ = {isa = PBXFileReference; lastKnownFileType = sourcecode.swift; path = ReviewResults.swift; sourceTree = "<group>"; };
		FF8949D52BF69C6300EDD265 /* ReviewsView.swift */ = {isa = PBXFileReference; lastKnownFileType = sourcecode.swift; path = ReviewsView.swift; sourceTree = "<group>"; };
		FFD31E502BD8B09100D7CDB1 /* SearchResult.swift */ = {isa = PBXFileReference; lastKnownFileType = sourcecode.swift; path = SearchResult.swift; sourceTree = "<group>"; };
		FFD31E532BD8B0CA00D7CDB1 /* SearchViewModel.swift */ = {isa = PBXFileReference; lastKnownFileType = sourcecode.swift; path = SearchViewModel.swift; sourceTree = "<group>"; };
		FFEF03492BE9BB3400380DEA /* AppDetailView.swift */ = {isa = PBXFileReference; lastKnownFileType = sourcecode.swift; path = AppDetailView.swift; sourceTree = "<group>"; };
/* End PBXFileReference section */

/* Begin PBXFrameworksBuildPhase section */
		FF19A69E2BCA287C00472B28 /* Frameworks */ = {
			isa = PBXFrameworksBuildPhase;
			buildActionMask = 2147483647;
			files = (
			);
			runOnlyForDeploymentPostprocessing = 0;
		};
/* End PBXFrameworksBuildPhase section */

/* Begin PBXGroup section */
		FF19A6982BCA287C00472B28 = {
			isa = PBXGroup;
			children = (
				FF19A6A32BCA287C00472B28 /* AppStoreMock */,
				FF19A6A22BCA287C00472B28 /* Products */,
			);
			sourceTree = "<group>";
		};
		FF19A6A22BCA287C00472B28 /* Products */ = {
			isa = PBXGroup;
			children = (
				FF19A6A12BCA287C00472B28 /* AppStoreMock.app */,
			);
			name = Products;
			sourceTree = "<group>";
		};
		FF19A6A32BCA287C00472B28 /* AppStoreMock */ = {
			isa = PBXGroup;
			children = (
				FF86063A2BFAC48E006045D3 /* API */,
				FF8949D42BF69C4B00EDD265 /* Views */,
				FFD31E522BD8B0BB00D7CDB1 /* ViewModel */,
				FFD31E4F2BD8B07E00D7CDB1 /* Model */,
				FF19A6A42BCA287C00472B28 /* AppStoreMockApp.swift */,
				FF19A6A62BCA287C00472B28 /* SearchView.swift */,
				FFEF03492BE9BB3400380DEA /* AppDetailView.swift */,
				FF19A6A82BCA287F00472B28 /* Assets.xcassets */,
				FF19A6AA2BCA287F00472B28 /* Preview Content */,
			);
			path = AppStoreMock;
			sourceTree = "<group>";
		};
		FF19A6AA2BCA287F00472B28 /* Preview Content */ = {
			isa = PBXGroup;
			children = (
				FF19A6AB2BCA287F00472B28 /* Preview Assets.xcassets */,
			);
			path = "Preview Content";
			sourceTree = "<group>";
		};
		FF86063A2BFAC48E006045D3 /* API */ = {
			isa = PBXGroup;
			children = (
				FF86063D2BFAC4FB006045D3 /* APIService.swift */,
			);
			path = API;
			sourceTree = "<group>";
		};
		FF8949D42BF69C4B00EDD265 /* Views */ = {
			isa = PBXGroup;
			children = (
				FF8949D02BF5B3A500EDD265 /* FullScreenScreenshotsView.swift */,
				FF8949D52BF69C6300EDD265 /* ReviewsView.swift */,
				FF8606432BFC1B94006045D3 /* SampleView.swift */,
			);
			path = Views;
			sourceTree = "<group>";
		};
		FFD31E4F2BD8B07E00D7CDB1 /* Model */ = {
			isa = PBXGroup;
			children = (
				FFD31E502BD8B09100D7CDB1 /* SearchResult.swift */,
				FF8949D22BF69B9600EDD265 /* ReviewResults.swift */,
				FF86063B2BFAC4BD006045D3 /* AppDetailResult.swift */,
			);
			path = Model;
			sourceTree = "<group>";
		};
		FFD31E522BD8B0BB00D7CDB1 /* ViewModel */ = {
			isa = PBXGroup;
			children = (
				FFD31E532BD8B0CA00D7CDB1 /* SearchViewModel.swift */,
				FF86063F2BFAC915006045D3 /* ReviewsViewModel.swift */,
				FF8606412BFC1B6F006045D3 /* AppDetailViewModel.swift */,
			);
			path = ViewModel;
			sourceTree = "<group>";
		};
/* End PBXGroup section */

/* Begin PBXNativeTarget section */
		FF19A6A02BCA287C00472B28 /* AppStoreMock */ = {
			isa = PBXNativeTarget;
			buildConfigurationList = FF19A6AF2BCA287F00472B28 /* Build configuration list for PBXNativeTarget "AppStoreMock" */;
			buildPhases = (
				FF19A69D2BCA287C00472B28 /* Sources */,
				FF19A69E2BCA287C00472B28 /* Frameworks */,
				FF19A69F2BCA287C00472B28 /* Resources */,
			);
			buildRules = (
			);
			dependencies = (
			);
			name = AppStoreMock;
			productName = AppStoreMock;
			productReference = FF19A6A12BCA287C00472B28 /* AppStoreMock.app */;
			productType = "com.apple.product-type.application";
		};
/* End PBXNativeTarget section */

/* Begin PBXProject section */
		FF19A6992BCA287C00472B28 /* Project object */ = {
			isa = PBXProject;
			attributes = {
				BuildIndependentTargetsInParallel = 1;
				LastSwiftUpdateCheck = 1530;
				LastUpgradeCheck = 1530;
				TargetAttributes = {
					FF19A6A02BCA287C00472B28 = {
						CreatedOnToolsVersion = 15.3;
					};
				};
			};
			buildConfigurationList = FF19A69C2BCA287C00472B28 /* Build configuration list for PBXProject "AppStoreMock" */;
			compatibilityVersion = "Xcode 14.0";
			developmentRegion = en;
			hasScannedForEncodings = 0;
			knownRegions = (
				en,
				Base,
			);
			mainGroup = FF19A6982BCA287C00472B28;
			productRefGroup = FF19A6A22BCA287C00472B28 /* Products */;
			projectDirPath = "";
			projectRoot = "";
			targets = (
				FF19A6A02BCA287C00472B28 /* AppStoreMock */,
			);
		};
/* End PBXProject section */

/* Begin PBXResourcesBuildPhase section */
		FF19A69F2BCA287C00472B28 /* Resources */ = {
			isa = PBXResourcesBuildPhase;
			buildActionMask = 2147483647;
			files = (
				FF19A6AC2BCA287F00472B28 /* Preview Assets.xcassets in Resources */,
				FF19A6A92BCA287F00472B28 /* Assets.xcassets in Resources */,
			);
			runOnlyForDeploymentPostprocessing = 0;
		};
/* End PBXResourcesBuildPhase section */

/* Begin PBXSourcesBuildPhase section */
		FF19A69D2BCA287C00472B28 /* Sources */ = {
			isa = PBXSourcesBuildPhase;
			buildActionMask = 2147483647;
			files = (
				FF19A6A72BCA287C00472B28 /* SearchView.swift in Sources */,
				FF8949D32BF69B9600EDD265 /* ReviewResults.swift in Sources */,
				FFD31E512BD8B09100D7CDB1 /* SearchResult.swift in Sources */,
				FF86063C2BFAC4BD006045D3 /* AppDetailResult.swift in Sources */,
				FFEF034A2BE9BB3400380DEA /* AppDetailView.swift in Sources */,
				FF8949D62BF69C6300EDD265 /* ReviewsView.swift in Sources */,
				FF8606402BFAC915006045D3 /* ReviewsViewModel.swift in Sources */,
				FF8606422BFC1B6F006045D3 /* AppDetailViewModel.swift in Sources */,
				FF86063E2BFAC4FB006045D3 /* APIService.swift in Sources */,
				FFD31E542BD8B0CA00D7CDB1 /* SearchViewModel.swift in Sources */,
				FF8606442BFC1B94006045D3 /* SampleView.swift in Sources */,
				FF19A6A52BCA287C00472B28 /* AppStoreMockApp.swift in Sources */,
				FF8949D12BF5B3A500EDD265 /* FullScreenScreenshotsView.swift in Sources */,
			);
			runOnlyForDeploymentPostprocessing = 0;
		};
/* End PBXSourcesBuildPhase section */

/* Begin XCBuildConfiguration section */
		FF19A6AD2BCA287F00472B28 /* Debug */ = {
			isa = XCBuildConfiguration;
			buildSettings = {
				ALWAYS_SEARCH_USER_PATHS = NO;
				ASSETCATALOG_COMPILER_GENERATE_SWIFT_ASSET_SYMBOL_EXTENSIONS = YES;
				CLANG_ANALYZER_NONNULL = YES;
				CLANG_ANALYZER_NUMBER_OBJECT_CONVERSION = YES_AGGRESSIVE;
				CLANG_CXX_LANGUAGE_STANDARD = "gnu++20";
				CLANG_ENABLE_MODULES = YES;
				CLANG_ENABLE_OBJC_ARC = YES;
				CLANG_ENABLE_OBJC_WEAK = YES;
				CLANG_WARN_BLOCK_CAPTURE_AUTORELEASING = YES;
				CLANG_WARN_BOOL_CONVERSION = YES;
				CLANG_WARN_COMMA = YES;
				CLANG_WARN_CONSTANT_CONVERSION = YES;
				CLANG_WARN_DEPRECATED_OBJC_IMPLEMENTATIONS = YES;
				CLANG_WARN_DIRECT_OBJC_ISA_USAGE = YES_ERROR;
				CLANG_WARN_DOCUMENTATION_COMMENTS = YES;
				CLANG_WARN_EMPTY_BODY = YES;
				CLANG_WARN_ENUM_CONVERSION = YES;
				CLANG_WARN_INFINITE_RECURSION = YES;
				CLANG_WARN_INT_CONVERSION = YES;
				CLANG_WARN_NON_LITERAL_NULL_CONVERSION = YES;
				CLANG_WARN_OBJC_IMPLICIT_RETAIN_SELF = YES;
				CLANG_WARN_OBJC_LITERAL_CONVERSION = YES;
				CLANG_WARN_OBJC_ROOT_CLASS = YES_ERROR;
				CLANG_WARN_QUOTED_INCLUDE_IN_FRAMEWORK_HEADER = YES;
				CLANG_WARN_RANGE_LOOP_ANALYSIS = YES;
				CLANG_WARN_STRICT_PROTOTYPES = YES;
				CLANG_WARN_SUSPICIOUS_MOVE = YES;
				CLANG_WARN_UNGUARDED_AVAILABILITY = YES_AGGRESSIVE;
				CLANG_WARN_UNREACHABLE_CODE = YES;
				CLANG_WARN__DUPLICATE_METHOD_MATCH = YES;
				COPY_PHASE_STRIP = NO;
				DEBUG_INFORMATION_FORMAT = dwarf;
				ENABLE_STRICT_OBJC_MSGSEND = YES;
				ENABLE_TESTABILITY = YES;
				ENABLE_USER_SCRIPT_SANDBOXING = YES;
				GCC_C_LANGUAGE_STANDARD = gnu17;
				GCC_DYNAMIC_NO_PIC = NO;
				GCC_NO_COMMON_BLOCKS = YES;
				GCC_OPTIMIZATION_LEVEL = 0;
				GCC_PREPROCESSOR_DEFINITIONS = (
					"DEBUG=1",
					"$(inherited)",
				);
				GCC_WARN_64_TO_32_BIT_CONVERSION = YES;
				GCC_WARN_ABOUT_RETURN_TYPE = YES_ERROR;
				GCC_WARN_UNDECLARED_SELECTOR = YES;
				GCC_WARN_UNINITIALIZED_AUTOS = YES_AGGRESSIVE;
				GCC_WARN_UNUSED_FUNCTION = YES;
				GCC_WARN_UNUSED_VARIABLE = YES;
				IPHONEOS_DEPLOYMENT_TARGET = 17.4;
				LOCALIZATION_PREFERS_STRING_CATALOGS = YES;
				MTL_ENABLE_DEBUG_INFO = INCLUDE_SOURCE;
				MTL_FAST_MATH = YES;
				ONLY_ACTIVE_ARCH = YES;
				SDKROOT = iphoneos;
				SWIFT_ACTIVE_COMPILATION_CONDITIONS = "DEBUG $(inherited)";
				SWIFT_OPTIMIZATION_LEVEL = "-Onone";
			};
			name = Debug;
		};
		FF19A6AE2BCA287F00472B28 /* Release */ = {
			isa = XCBuildConfiguration;
			buildSettings = {
				ALWAYS_SEARCH_USER_PATHS = NO;
				ASSETCATALOG_COMPILER_GENERATE_SWIFT_ASSET_SYMBOL_EXTENSIONS = YES;
				CLANG_ANALYZER_NONNULL = YES;
				CLANG_ANALYZER_NUMBER_OBJECT_CONVERSION = YES_AGGRESSIVE;
				CLANG_CXX_LANGUAGE_STANDARD = "gnu++20";
				CLANG_ENABLE_MODULES = YES;
				CLANG_ENABLE_OBJC_ARC = YES;
				CLANG_ENABLE_OBJC_WEAK = YES;
				CLANG_WARN_BLOCK_CAPTURE_AUTORELEASING = YES;
				CLANG_WARN_BOOL_CONVERSION = YES;
				CLANG_WARN_COMMA = YES;
				CLANG_WARN_CONSTANT_CONVERSION = YES;
				CLANG_WARN_DEPRECATED_OBJC_IMPLEMENTATIONS = YES;
				CLANG_WARN_DIRECT_OBJC_ISA_USAGE = YES_ERROR;
				CLANG_WARN_DOCUMENTATION_COMMENTS = YES;
				CLANG_WARN_EMPTY_BODY = YES;
				CLANG_WARN_ENUM_CONVERSION = YES;
				CLANG_WARN_INFINITE_RECURSION = YES;
				CLANG_WARN_INT_CONVERSION = YES;
				CLANG_WARN_NON_LITERAL_NULL_CONVERSION = YES;
				CLANG_WARN_OBJC_IMPLICIT_RETAIN_SELF = YES;
				CLANG_WARN_OBJC_LITERAL_CONVERSION = YES;
				CLANG_WARN_OBJC_ROOT_CLASS = YES_ERROR;
				CLANG_WARN_QUOTED_INCLUDE_IN_FRAMEWORK_HEADER = YES;
				CLANG_WARN_RANGE_LOOP_ANALYSIS = YES;
				CLANG_WARN_STRICT_PROTOTYPES = YES;
				CLANG_WARN_SUSPICIOUS_MOVE = YES;
				CLANG_WARN_UNGUARDED_AVAILABILITY = YES_AGGRESSIVE;
				CLANG_WARN_UNREACHABLE_CODE = YES;
				CLANG_WARN__DUPLICATE_METHOD_MATCH = YES;
				COPY_PHASE_STRIP = NO;
				DEBUG_INFORMATION_FORMAT = "dwarf-with-dsym";
				ENABLE_NS_ASSERTIONS = NO;
				ENABLE_STRICT_OBJC_MSGSEND = YES;
				ENABLE_USER_SCRIPT_SANDBOXING = YES;
				GCC_C_LANGUAGE_STANDARD = gnu17;
				GCC_NO_COMMON_BLOCKS = YES;
				GCC_WARN_64_TO_32_BIT_CONVERSION = YES;
				GCC_WARN_ABOUT_RETURN_TYPE = YES_ERROR;
				GCC_WARN_UNDECLARED_SELECTOR = YES;
				GCC_WARN_UNINITIALIZED_AUTOS = YES_AGGRESSIVE;
				GCC_WARN_UNUSED_FUNCTION = YES;
				GCC_WARN_UNUSED_VARIABLE = YES;
				IPHONEOS_DEPLOYMENT_TARGET = 17.4;
				LOCALIZATION_PREFERS_STRING_CATALOGS = YES;
				MTL_ENABLE_DEBUG_INFO = NO;
				MTL_FAST_MATH = YES;
				SDKROOT = iphoneos;
				SWIFT_COMPILATION_MODE = wholemodule;
				VALIDATE_PRODUCT = YES;
			};
			name = Release;
		};
		FF19A6B02BCA287F00472B28 /* Debug */ = {
			isa = XCBuildConfiguration;
			buildSettings = {
				ASSETCATALOG_COMPILER_APPICON_NAME = AppIcon;
				ASSETCATALOG_COMPILER_GLOBAL_ACCENT_COLOR_NAME = AccentColor;
				CODE_SIGN_STYLE = Automatic;
				CURRENT_PROJECT_VERSION = 1;
				DEVELOPMENT_ASSET_PATHS = "\"AppStoreMock/Preview Content\"";
				DEVELOPMENT_TEAM = J275YB2YPQ;
				ENABLE_PREVIEWS = YES;
				GENERATE_INFOPLIST_FILE = YES;
				INFOPLIST_KEY_UIApplicationSceneManifest_Generation = YES;
				INFOPLIST_KEY_UIApplicationSupportsIndirectInputEvents = YES;
				INFOPLIST_KEY_UILaunchScreen_Generation = YES;
				INFOPLIST_KEY_UISupportedInterfaceOrientations_iPad = "UIInterfaceOrientationPortrait UIInterfaceOrientationPortraitUpsideDown UIInterfaceOrientationLandscapeLeft UIInterfaceOrientationLandscapeRight";
				INFOPLIST_KEY_UISupportedInterfaceOrientations_iPhone = "UIInterfaceOrientationPortrait UIInterfaceOrientationLandscapeLeft UIInterfaceOrientationLandscapeRight";
				LD_RUNPATH_SEARCH_PATHS = (
					"$(inherited)",
					"@executable_path/Frameworks",
				);
				MARKETING_VERSION = 1.0;
				PRODUCT_BUNDLE_IDENTIFIER = com.codablecode.AppStoreMock;
				PRODUCT_NAME = "$(TARGET_NAME)";
				SWIFT_EMIT_LOC_STRINGS = YES;
				SWIFT_VERSION = 5.0;
				TARGETED_DEVICE_FAMILY = "1,2";
			};
			name = Debug;
		};
		FF19A6B12BCA287F00472B28 /* Release */ = {
			isa = XCBuildConfiguration;
			buildSettings = {
				ASSETCATALOG_COMPILER_APPICON_NAME = AppIcon;
				ASSETCATALOG_COMPILER_GLOBAL_ACCENT_COLOR_NAME = AccentColor;
				CODE_SIGN_STYLE = Automatic;
				CURRENT_PROJECT_VERSION = 1;
				DEVELOPMENT_ASSET_PATHS = "\"AppStoreMock/Preview Content\"";
				DEVELOPMENT_TEAM = J275YB2YPQ;
				ENABLE_PREVIEWS = YES;
				GENERATE_INFOPLIST_FILE = YES;
				INFOPLIST_KEY_UIApplicationSceneManifest_Generation = YES;
				INFOPLIST_KEY_UIApplicationSupportsIndirectInputEvents = YES;
				INFOPLIST_KEY_UILaunchScreen_Generation = YES;
				INFOPLIST_KEY_UISupportedInterfaceOrientations_iPad = "UIInterfaceOrientationPortrait UIInterfaceOrientationPortraitUpsideDown UIInterfaceOrientationLandscapeLeft UIInterfaceOrientationLandscapeRight";
				INFOPLIST_KEY_UISupportedInterfaceOrientations_iPhone = "UIInterfaceOrientationPortrait UIInterfaceOrientationLandscapeLeft UIInterfaceOrientationLandscapeRight";
				LD_RUNPATH_SEARCH_PATHS = (
					"$(inherited)",
					"@executable_path/Frameworks",
				);
				MARKETING_VERSION = 1.0;
				PRODUCT_BUNDLE_IDENTIFIER = com.codablecode.AppStoreMock;
				PRODUCT_NAME = "$(TARGET_NAME)";
				SWIFT_EMIT_LOC_STRINGS = YES;
				SWIFT_VERSION = 5.0;
				TARGETED_DEVICE_FAMILY = "1,2";
			};
			name = Release;
		};
/* End XCBuildConfiguration section */

/* Begin XCConfigurationList section */
		FF19A69C2BCA287C00472B28 /* Build configuration list for PBXProject "AppStoreMock" */ = {
			isa = XCConfigurationList;
			buildConfigurations = (
				FF19A6AD2BCA287F00472B28 /* Debug */,
				FF19A6AE2BCA287F00472B28 /* Release */,
			);
			defaultConfigurationIsVisible = 0;
			defaultConfigurationName = Release;
		};
		FF19A6AF2BCA287F00472B28 /* Build configuration list for PBXNativeTarget "AppStoreMock" */ = {
			isa = XCConfigurationList;
			buildConfigurations = (
				FF19A6B02BCA287F00472B28 /* Debug */,
				FF19A6B12BCA287F00472B28 /* Release */,
			);
			defaultConfigurationIsVisible = 0;
			defaultConfigurationName = Release;
		};
/* End XCConfigurationList section */
	};
	rootObject = FF19A6992BCA287C00472B28 /* Project object */;
}
